// !$*UTF8*$!
{
	archiveVersion = 1;
	classes = {
	};
	objectVersion = 50;
	objects = {

/* Begin PBXBuildFile section */
		3F35DC81217EFBCC007809EF /* DailyForecast.swift in Sources */ = {isa = PBXBuildFile; fileRef = 3F35DC80217EFBCC007809EF /* DailyForecast.swift */; };
		3F5B5B8C216C7E6200C4F450 /* AppDelegate.swift in Sources */ = {isa = PBXBuildFile; fileRef = 3F5B5B8B216C7E6200C4F450 /* AppDelegate.swift */; };
		3F5B5B8E216C7E6200C4F450 /* ViewController.swift in Sources */ = {isa = PBXBuildFile; fileRef = 3F5B5B8D216C7E6200C4F450 /* ViewController.swift */; };
		3F5B5B91216C7E6200C4F450 /* Main.storyboard in Resources */ = {isa = PBXBuildFile; fileRef = 3F5B5B8F216C7E6200C4F450 /* Main.storyboard */; };
		3F5B5B93216C7E6400C4F450 /* Assets.xcassets in Resources */ = {isa = PBXBuildFile; fileRef = 3F5B5B92216C7E6400C4F450 /* Assets.xcassets */; };
		3F5B5B96216C7E6400C4F450 /* LaunchScreen.storyboard in Resources */ = {isa = PBXBuildFile; fileRef = 3F5B5B94216C7E6400C4F450 /* LaunchScreen.storyboard */; };
		523E28CB218A51DE00E55D6D /* SearchResultsTableViewController.swift in Sources */ = {isa = PBXBuildFile; fileRef = 523E28CA218A51DE00E55D6D /* SearchResultsTableViewController.swift */; };
		525C5267217E4A9200621EF4 /* WeatherAPI.swift in Sources */ = {isa = PBXBuildFile; fileRef = 525C5266217E4A9200621EF4 /* WeatherAPI.swift */; };
		525C5269217E51B600621EF4 /* LocationForecast.swift in Sources */ = {isa = PBXBuildFile; fileRef = 525C5268217E51B600621EF4 /* LocationForecast.swift */; };
		52892021218496E90079FFB9 /* MasterViewController.swift in Sources */ = {isa = PBXBuildFile; fileRef = 52892020218496E90079FFB9 /* MasterViewController.swift */; };
		528920232184A0E80079FFB9 /* City.swift in Sources */ = {isa = PBXBuildFile; fileRef = 528920222184A0E80079FFB9 /* City.swift */; };
		528920252188952A0079FFB9 /* SplitViewController.swift in Sources */ = {isa = PBXBuildFile; fileRef = 528920242188952A0079FFB9 /* SplitViewController.swift */; };
/* End PBXBuildFile section */

/* Begin PBXFileReference section */
		3F35DC80217EFBCC007809EF /* DailyForecast.swift */ = {isa = PBXFileReference; lastKnownFileType = sourcecode.swift; path = DailyForecast.swift; sourceTree = "<group>"; };
		3F5B5B88216C7E6200C4F450 /* WeatherApp.app */ = {isa = PBXFileReference; explicitFileType = wrapper.application; includeInIndex = 0; path = WeatherApp.app; sourceTree = BUILT_PRODUCTS_DIR; };
		3F5B5B8B216C7E6200C4F450 /* AppDelegate.swift */ = {isa = PBXFileReference; lastKnownFileType = sourcecode.swift; path = AppDelegate.swift; sourceTree = "<group>"; };
		3F5B5B8D216C7E6200C4F450 /* ViewController.swift */ = {isa = PBXFileReference; lastKnownFileType = sourcecode.swift; path = ViewController.swift; sourceTree = "<group>"; };
		3F5B5B90216C7E6200C4F450 /* Base */ = {isa = PBXFileReference; lastKnownFileType = file.storyboard; name = Base; path = Base.lproj/Main.storyboard; sourceTree = "<group>"; };
		3F5B5B92216C7E6400C4F450 /* Assets.xcassets */ = {isa = PBXFileReference; lastKnownFileType = folder.assetcatalog; path = Assets.xcassets; sourceTree = "<group>"; };
		3F5B5B95216C7E6400C4F450 /* Base */ = {isa = PBXFileReference; lastKnownFileType = file.storyboard; name = Base; path = Base.lproj/LaunchScreen.storyboard; sourceTree = "<group>"; };
		3F5B5B97216C7E6400C4F450 /* Info.plist */ = {isa = PBXFileReference; lastKnownFileType = text.plist.xml; path = Info.plist; sourceTree = "<group>"; };
		523E28CA218A51DE00E55D6D /* SearchResultsTableViewController.swift */ = {isa = PBXFileReference; lastKnownFileType = sourcecode.swift; path = SearchResultsTableViewController.swift; sourceTree = "<group>"; };
		525C5266217E4A9200621EF4 /* WeatherAPI.swift */ = {isa = PBXFileReference; lastKnownFileType = sourcecode.swift; path = WeatherAPI.swift; sourceTree = "<group>"; };
		525C5268217E51B600621EF4 /* LocationForecast.swift */ = {isa = PBXFileReference; lastKnownFileType = sourcecode.swift; path = LocationForecast.swift; sourceTree = "<group>"; };
		52892020218496E90079FFB9 /* MasterViewController.swift */ = {isa = PBXFileReference; lastKnownFileType = sourcecode.swift; path = MasterViewController.swift; sourceTree = "<group>"; };
		528920222184A0E80079FFB9 /* City.swift */ = {isa = PBXFileReference; lastKnownFileType = sourcecode.swift; path = City.swift; sourceTree = "<group>"; };
		528920242188952A0079FFB9 /* SplitViewController.swift */ = {isa = PBXFileReference; lastKnownFileType = sourcecode.swift; path = SplitViewController.swift; sourceTree = "<group>"; };
/* End PBXFileReference section */

/* Begin PBXFrameworksBuildPhase section */
		3F5B5B85216C7E6200C4F450 /* Frameworks */ = {
			isa = PBXFrameworksBuildPhase;
			buildActionMask = 2147483647;
			files = (
			);
			runOnlyForDeploymentPostprocessing = 0;
		};
/* End PBXFrameworksBuildPhase section */

/* Begin PBXGroup section */
		3F35DC7F217EFBA2007809EF /* Model */ = {
			isa = PBXGroup;
			children = (
				525C5266217E4A9200621EF4 /* WeatherAPI.swift */,
				525C5268217E51B600621EF4 /* LocationForecast.swift */,
				3F35DC80217EFBCC007809EF /* DailyForecast.swift */,
				528920222184A0E80079FFB9 /* City.swift */,
			);
			path = Model;
			sourceTree = "<group>";
		};
		3F5B5B7F216C7E6200C4F450 = {
			isa = PBXGroup;
			children = (
				3F5B5B8A216C7E6200C4F450 /* WeatherApp */,
				3F5B5B89216C7E6200C4F450 /* Products */,
			);
			sourceTree = "<group>";
		};
		3F5B5B89216C7E6200C4F450 /* Products */ = {
			isa = PBXGroup;
			children = (
				3F5B5B88216C7E6200C4F450 /* WeatherApp.app */,
			);
			name = Products;
			sourceTree = "<group>";
		};
		3F5B5B8A216C7E6200C4F450 /* WeatherApp */ = {
			isa = PBXGroup;
			children = (
				3F35DC7F217EFBA2007809EF /* Model */,
				3F5B5B8B216C7E6200C4F450 /* AppDelegate.swift */,
				3F5B5B8D216C7E6200C4F450 /* ViewController.swift */,
				3F5B5B8F216C7E6200C4F450 /* Main.storyboard */,
				3F5B5B92216C7E6400C4F450 /* Assets.xcassets */,
				3F5B5B94216C7E6400C4F450 /* LaunchScreen.storyboard */,
				3F5B5B97216C7E6400C4F450 /* Info.plist */,
				52892020218496E90079FFB9 /* MasterViewController.swift */,
				528920242188952A0079FFB9 /* SplitViewController.swift */,
				523E28CA218A51DE00E55D6D /* SearchResultsTableViewController.swift */,
			);
			path = WeatherApp;
			sourceTree = "<group>";
		};
/* End PBXGroup section */

/* Begin PBXNativeTarget section */
		3F5B5B87216C7E6200C4F450 /* WeatherApp */ = {
			isa = PBXNativeTarget;
			buildConfigurationList = 3F5B5B9A216C7E6400C4F450 /* Build configuration list for PBXNativeTarget "WeatherApp" */;
			buildPhases = (
				3F5B5B84216C7E6200C4F450 /* Sources */,
				3F5B5B85216C7E6200C4F450 /* Frameworks */,
				3F5B5B86216C7E6200C4F450 /* Resources */,
			);
			buildRules = (
			);
			dependencies = (
			);
			name = WeatherApp;
			productName = WeatherApp;
			productReference = 3F5B5B88216C7E6200C4F450 /* WeatherApp.app */;
			productType = "com.apple.product-type.application";
		};
/* End PBXNativeTarget section */

/* Begin PBXProject section */
		3F5B5B80216C7E6200C4F450 /* Project object */ = {
			isa = PBXProject;
			attributes = {
				LastSwiftUpdateCheck = 1000;
				LastUpgradeCheck = 1000;
				ORGANIZATIONNAME = "Maciej Znamirowski";
				TargetAttributes = {
					3F5B5B87216C7E6200C4F450 = {
						CreatedOnToolsVersion = 10.0;
					};
				};
			};
			buildConfigurationList = 3F5B5B83216C7E6200C4F450 /* Build configuration list for PBXProject "WeatherApp" */;
			compatibilityVersion = "Xcode 9.3";
			developmentRegion = en;
			hasScannedForEncodings = 0;
			knownRegions = (
				en,
				Base,
			);
			mainGroup = 3F5B5B7F216C7E6200C4F450;
			productRefGroup = 3F5B5B89216C7E6200C4F450 /* Products */;
			projectDirPath = "";
			projectRoot = "";
			targets = (
				3F5B5B87216C7E6200C4F450 /* WeatherApp */,
			);
		};
/* End PBXProject section */

/* Begin PBXResourcesBuildPhase section */
		3F5B5B86216C7E6200C4F450 /* Resources */ = {
			isa = PBXResourcesBuildPhase;
			buildActionMask = 2147483647;
			files = (
				3F5B5B96216C7E6400C4F450 /* LaunchScreen.storyboard in Resources */,
				3F5B5B93216C7E6400C4F450 /* Assets.xcassets in Resources */,
				3F5B5B91216C7E6200C4F450 /* Main.storyboard in Resources */,
			);
			runOnlyForDeploymentPostprocessing = 0;
		};
/* End PBXResourcesBuildPhase section */

/* Begin PBXSourcesBuildPhase section */
		3F5B5B84216C7E6200C4F450 /* Sources */ = {
			isa = PBXSourcesBuildPhase;
			buildActionMask = 2147483647;
			files = (
				525C5267217E4A9200621EF4 /* WeatherAPI.swift in Sources */,
				525C5269217E51B600621EF4 /* LocationForecast.swift in Sources */,
				523E28CB218A51DE00E55D6D /* SearchResultsTableViewController.swift in Sources */,
				3F5B5B8E216C7E6200C4F450 /* ViewController.swift in Sources */,
				3F5B5B8C216C7E6200C4F450 /* AppDelegate.swift in Sources */,
				52892021218496E90079FFB9 /* MasterViewController.swift in Sources */,
				3F35DC81217EFBCC007809EF /* DailyForecast.swift in Sources */,
				528920232184A0E80079FFB9 /* City.swift in Sources */,
				528920252188952A0079FFB9 /* SplitViewController.swift in Sources */,
			);
			runOnlyForDeploymentPostprocessing = 0;
		};
/* End PBXSourcesBuildPhase section */

/* Begin PBXVariantGroup section */
		3F5B5B8F216C7E6200C4F450 /* Main.storyboard */ = {
			isa = PBXVariantGroup;
			children = (
				3F5B5B90216C7E6200C4F450 /* Base */,
			);
			name = Main.storyboard;
			sourceTree = "<group>";
		};
		3F5B5B94216C7E6400C4F450 /* LaunchScreen.storyboard */ = {
			isa = PBXVariantGroup;
			children = (
				3F5B5B95216C7E6400C4F450 /* Base */,
			);
			name = LaunchScreen.storyboard;
			sourceTree = "<group>";
		};
/* End PBXVariantGroup section */

/* Begin XCBuildConfiguration section */
		3F5B5B98216C7E6400C4F450 /* Debug */ = {
			isa = XCBuildConfiguration;
			buildSettings = {
				ALWAYS_SEARCH_USER_PATHS = NO;
				CLANG_ANALYZER_NONNULL = YES;
				CLANG_ANALYZER_NUMBER_OBJECT_CONVERSION = YES_AGGRESSIVE;
				CLANG_CXX_LANGUAGE_STANDARD = "gnu++14";
				CLANG_CXX_LIBRARY = "libc++";
				CLANG_ENABLE_MODULES = YES;
				CLANG_ENABLE_OBJC_ARC = YES;
				CLANG_ENABLE_OBJC_WEAK = YES;
				CLANG_WARN_BLOCK_CAPTURE_AUTORELEASING = YES;
				CLANG_WARN_BOOL_CONVERSION = YES;
				CLANG_WARN_COMMA = YES;
				CLANG_WARN_CONSTANT_CONVERSION = YES;
				CLANG_WARN_DEPRECATED_OBJC_IMPLEMENTATIONS = YES;
				CLANG_WARN_DIRECT_OBJC_ISA_USAGE = YES_ERROR;
				CLANG_WARN_DOCUMENTATION_COMMENTS = YES;
				CLANG_WARN_EMPTY_BODY = YES;
				CLANG_WARN_ENUM_CONVERSION = YES;
				CLANG_WARN_INFINITE_RECURSION = YES;
				CLANG_WARN_INT_CONVERSION = YES;
				CLANG_WARN_NON_LITERAL_NULL_CONVERSION = YES;
				CLANG_WARN_OBJC_IMPLICIT_RETAIN_SELF = YES;
				CLANG_WARN_OBJC_LITERAL_CONVERSION = YES;
				CLANG_WARN_OBJC_ROOT_CLASS = YES_ERROR;
				CLANG_WARN_RANGE_LOOP_ANALYSIS = YES;
				CLANG_WARN_STRICT_PROTOTYPES = YES;
				CLANG_WARN_SUSPICIOUS_MOVE = YES;
				CLANG_WARN_UNGUARDED_AVAILABILITY = YES_AGGRESSIVE;
				CLANG_WARN_UNREACHABLE_CODE = YES;
				CLANG_WARN__DUPLICATE_METHOD_MATCH = YES;
				CODE_SIGN_IDENTITY = "iPhone Developer";
				COPY_PHASE_STRIP = NO;
				DEBUG_INFORMATION_FORMAT = dwarf;
				ENABLE_STRICT_OBJC_MSGSEND = YES;
				ENABLE_TESTABILITY = YES;
				GCC_C_LANGUAGE_STANDARD = gnu11;
				GCC_DYNAMIC_NO_PIC = NO;
				GCC_NO_COMMON_BLOCKS = YES;
				GCC_OPTIMIZATION_LEVEL = 0;
				GCC_PREPROCESSOR_DEFINITIONS = (
					"DEBUG=1",
					"$(inherited)",
				);
				GCC_WARN_64_TO_32_BIT_CONVERSION = YES;
				GCC_WARN_ABOUT_RETURN_TYPE = YES_ERROR;
				GCC_WARN_UNDECLARED_SELECTOR = YES;
				GCC_WARN_UNINITIALIZED_AUTOS = YES_AGGRESSIVE;
				GCC_WARN_UNUSED_FUNCTION = YES;
				GCC_WARN_UNUSED_VARIABLE = YES;
				IPHONEOS_DEPLOYMENT_TARGET = 12.0;
				MTL_ENABLE_DEBUG_INFO = INCLUDE_SOURCE;
				MTL_FAST_MATH = YES;
				ONLY_ACTIVE_ARCH = YES;
				SDKROOT = iphoneos;
				SWIFT_ACTIVE_COMPILATION_CONDITIONS = DEBUG;
				SWIFT_OPTIMIZATION_LEVEL = "-Onone";
			};
			name = Debug;
		};
		3F5B5B99216C7E6400C4F450 /* Release */ = {
			isa = XCBuildConfiguration;
			buildSettings = {
				ALWAYS_SEARCH_USER_PATHS = NO;
				CLANG_ANALYZER_NONNULL = YES;
				CLANG_ANALYZER_NUMBER_OBJECT_CONVERSION = YES_AGGRESSIVE;
				CLANG_CXX_LANGUAGE_STANDARD = "gnu++14";
				CLANG_CXX_LIBRARY = "libc++";
				CLANG_ENABLE_MODULES = YES;
				CLANG_ENABLE_OBJC_ARC = YES;
				CLANG_ENABLE_OBJC_WEAK = YES;
				CLANG_WARN_BLOCK_CAPTURE_AUTORELEASING = YES;
				CLANG_WARN_BOOL_CONVERSION = YES;
				CLANG_WARN_COMMA = YES;
				CLANG_WARN_CONSTANT_CONVERSION = YES;
				CLANG_WARN_DEPRECATED_OBJC_IMPLEMENTATIONS = YES;
				CLANG_WARN_DIRECT_OBJC_ISA_USAGE = YES_ERROR;
				CLANG_WARN_DOCUMENTATION_COMMENTS = YES;
				CLANG_WARN_EMPTY_BODY = YES;
				CLANG_WARN_ENUM_CONVERSION = YES;
				CLANG_WARN_INFINITE_RECURSION = YES;
				CLANG_WARN_INT_CONVERSION = YES;
				CLANG_WARN_NON_LITERAL_NULL_CONVERSION = YES;
				CLANG_WARN_OBJC_IMPLICIT_RETAIN_SELF = YES;
				CLANG_WARN_OBJC_LITERAL_CONVERSION = YES;
				CLANG_WARN_OBJC_ROOT_CLASS = YES_ERROR;
				CLANG_WARN_RANGE_LOOP_ANALYSIS = YES;
				CLANG_WARN_STRICT_PROTOTYPES = YES;
				CLANG_WARN_SUSPICIOUS_MOVE = YES;
				CLANG_WARN_UNGUARDED_AVAILABILITY = YES_AGGRESSIVE;
				CLANG_WARN_UNREACHABLE_CODE = YES;
				CLANG_WARN__DUPLICATE_METHOD_MATCH = YES;
				CODE_SIGN_IDENTITY = "iPhone Developer";
				COPY_PHASE_STRIP = NO;
				DEBUG_INFORMATION_FORMAT = "dwarf-with-dsym";
				ENABLE_NS_ASSERTIONS = NO;
				ENABLE_STRICT_OBJC_MSGSEND = YES;
				GCC_C_LANGUAGE_STANDARD = gnu11;
				GCC_NO_COMMON_BLOCKS = YES;
				GCC_WARN_64_TO_32_BIT_CONVERSION = YES;
				GCC_WARN_ABOUT_RETURN_TYPE = YES_ERROR;
				GCC_WARN_UNDECLARED_SELECTOR = YES;
				GCC_WARN_UNINITIALIZED_AUTOS = YES_AGGRESSIVE;
				GCC_WARN_UNUSED_FUNCTION = YES;
				GCC_WARN_UNUSED_VARIABLE = YES;
				IPHONEOS_DEPLOYMENT_TARGET = 12.0;
				MTL_ENABLE_DEBUG_INFO = NO;
				MTL_FAST_MATH = YES;
				SDKROOT = iphoneos;
				SWIFT_COMPILATION_MODE = wholemodule;
				SWIFT_OPTIMIZATION_LEVEL = "-O";
				VALIDATE_PRODUCT = YES;
			};
			name = Release;
		};
		3F5B5B9B216C7E6400C4F450 /* Debug */ = {
			isa = XCBuildConfiguration;
			buildSettings = {
				ASSETCATALOG_COMPILER_APPICON_NAME = AppIcon;
				CODE_SIGN_IDENTITY = "iPhone Developer";
				CODE_SIGN_STYLE = Automatic;
				DEVELOPMENT_TEAM = "";
				INFOPLIST_FILE = WeatherApp/Info.plist;
				LD_RUNPATH_SEARCH_PATHS = (
					"$(inherited)",
					"@executable_path/Frameworks",
				);
				PRODUCT_BUNDLE_IDENTIFIER = pl.edu.agh.kis.WeatherApp;
				PRODUCT_NAME = "$(TARGET_NAME)";
				PROVISIONING_PROFILE_SPECIFIER = "";
				SWIFT_VERSION = 4.2;
				TARGETED_DEVICE_FAMILY = 1;
			};
			name = Debug;
		};
		3F5B5B9C216C7E6400C4F450 /* Release */ = {
			isa = XCBuildConfiguration;
			buildSettings = {
				ASSETCATALOG_COMPILER_APPICON_NAME = AppIcon;
				CODE_SIGN_IDENTITY = "iPhone Developer";
				CODE_SIGN_STYLE = Automatic;
				DEVELOPMENT_TEAM = "";
				INFOPLIST_FILE = WeatherApp/Info.plist;
				LD_RUNPATH_SEARCH_PATHS = (
					"$(inherited)",
					"@executable_path/Frameworks",
				);
				PRODUCT_BUNDLE_IDENTIFIER = pl.edu.agh.kis.WeatherApp;
				PRODUCT_NAME = "$(TARGET_NAME)";
				PROVISIONING_PROFILE_SPECIFIER = "";
				SWIFT_VERSION = 4.2;
				TARGETED_DEVICE_FAMILY = 1;
			};
			name = Release;
		};
/* End XCBuildConfiguration section */

/* Begin XCConfigurationList section */
		3F5B5B83216C7E6200C4F450 /* Build configuration list for PBXProject "WeatherApp" */ = {
			isa = XCConfigurationList;
			buildConfigurations = (
				3F5B5B98216C7E6400C4F450 /* Debug */,
				3F5B5B99216C7E6400C4F450 /* Release */,
			);
			defaultConfigurationIsVisible = 0;
			defaultConfigurationName = Release;
		};
		3F5B5B9A216C7E6400C4F450 /* Build configuration list for PBXNativeTarget "WeatherApp" */ = {
			isa = XCConfigurationList;
			buildConfigurations = (
				3F5B5B9B216C7E6400C4F450 /* Debug */,
				3F5B5B9C216C7E6400C4F450 /* Release */,
			);
			defaultConfigurationIsVisible = 0;
			defaultConfigurationName = Release;
		};
/* End XCConfigurationList section */
	};
	rootObject = 3F5B5B80216C7E6200C4F450 /* Project object */;
}
